speakeasyVersion: 1.322.3
sources:
    my-source:
        sourceNamespace: my-source
        sourceRevisionDigest: sha256:f9ed1bc34a1c4f69b91f48057e88e259e1978c36527ee09a7fc0b539d2d0d94e
        sourceBlobDigest: sha256:541aa48caafe50ca6c3f6b95ad28221f4bf886ca4429cad9274bfa5569a7c5b9
        tags:
            - latest
            - main
targets:
    plexphp:
        source: my-source
        sourceNamespace: my-source
        sourceRevisionDigest: sha256:f9ed1bc34a1c4f69b91f48057e88e259e1978c36527ee09a7fc0b539d2d0d94e
        sourceBlobDigest: sha256:541aa48caafe50ca6c3f6b95ad28221f4bf886ca4429cad9274bfa5569a7c5b9
        outLocation: /github/workspace/repo
workflow:
    workflowVersion: 1.0.0
    speakeasyVersion: latest
    sources:
        my-source:
            inputs:
                - location: https://raw.githubusercontent.com/LukeHagar/plex-api-spec/main/plex-media-server-spec-dereferenced.yaml
            registry:
                location: registry.speakeasyapi.dev/lukehagar/lukehagar/my-source
    targets:
        plexphp:
            target: php
            source: my-source
            codeSamples:
                output: codeSamples.yaml
