speakeasyVersion: 1.303.2
sources:
    my-source:
        sourceNamespace: my-source
        sourceRevisionDigest: sha256:313c2426f0ee6f370a57bba36e6b41a1767e98ee7e0dc2d02424e4bea166bb18
        sourceBlobDigest: sha256:1dcf86af0cf4a053f2e6933b43f9b5087217fc4d5de7777dcf4e005d0d4a1fa8
        tags:
            - latest
            - main
targets:
    plexphp:
        source: my-source
        sourceNamespace: my-source
        sourceRevisionDigest: sha256:313c2426f0ee6f370a57bba36e6b41a1767e98ee7e0dc2d02424e4bea166bb18
        sourceBlobDigest: sha256:1dcf86af0cf4a053f2e6933b43f9b5087217fc4d5de7777dcf4e005d0d4a1fa8
        outLocation: /github/workspace/repo
workflow:
    workflowVersion: 1.0.0
    speakeasyVersion: latest
    sources:
        my-source:
            inputs:
                - location: https://raw.githubusercontent.com/LukeHagar/plex-api-spec/main/plex-media-server-spec-dereferenced.yaml
            registry:
                location: registry.speakeasyapi.dev/lukehagar/lukehagar/my-source
    targets:
        plexphp:
            target: php
            source: my-source
            codeSamples:
                output: codeSamples.yaml
