speakeasyVersion: 1.299.4
sources:
    my-source:
        sourceNamespace: my-source
        sourceRevisionDigest: sha256:0aaee33dd52cab8fce419b7771e1faa87d88663d337bebf9bc3419c3f692f7cb
        sourceBlobDigest: sha256:0fe856176607bfe8cd69b235a376d73142a9929062ef1b877198c93068360b61
        tags:
            - latest
            - main
targets:
    plexphp:
        source: my-source
        sourceNamespace: my-source
        sourceRevisionDigest: sha256:0aaee33dd52cab8fce419b7771e1faa87d88663d337bebf9bc3419c3f692f7cb
        sourceBlobDigest: sha256:0fe856176607bfe8cd69b235a376d73142a9929062ef1b877198c93068360b61
        outLocation: /github/workspace/repo
workflow:
    workflowVersion: 1.0.0
    speakeasyVersion: latest
    sources:
        my-source:
            inputs:
                - location: https://raw.githubusercontent.com/LukeHagar/plex-api-spec/main/plex-media-server-spec-dereferenced.yaml
            registry:
                location: registry.speakeasyapi.dev/lukehagar/lukehagar/my-source
    targets:
        plexphp:
            target: php
            source: my-source
            codeSamples:
                output: codeSamples.yaml
